
Microsoft Visual Studio Solution File, Format Version 12.00
# Visual Studio 15
VisualStudioVersion = 15.0.28010.2036
MinimumVisualStudioVersion = 10.0.40219.1
Project("{8BC9CEB8-8B4A-11D0-8D11-00A0C91BC942}") = "googleTest", "googleTest\googleTest.vcxproj", "{247DA05E-E503-4180-9211-A040666A9980}"
EndProject
Project("{8BC9CEB8-8B4A-11D0-8D11-00A0C91BC942}") = "Practice", "Practice\Practice.vcxproj", "{83D3AF6B-F0EC-4488-A31E-22D735AD5E5C}"
EndProject
Global
	GlobalSection(SolutionConfigurationPlatforms) = preSolution
		Debug|x64 = Debug|x64
		Debug|x86 = Debug|x86
		Release|x64 = Release|x64
		Release|x86 = Release|x86
	EndGlobalSection
	GlobalSection(ProjectConfigurationPlatforms) = postSolution
		{247DA05E-E503-4180-9211-A040666A9980}.Debug|x64.ActiveCfg = Debug|x64
		{247DA05E-E503-4180-9211-A040666A9980}.Debug|x64.Build.0 = Debug|x64
		{247DA05E-E503-4180-9211-A040666A9980}.Debug|x86.ActiveCfg = Debug|Win32
		{247DA05E-E503-4180-9211-A040666A9980}.Debug|x86.Build.0 = Debug|Win32
		{247DA05E-E503-4180-9211-A040666A9980}.Release|x64.ActiveCfg = Release|x64
		{247DA05E-E503-4180-9211-A040666A9980}.Release|x64.Build.0 = Release|x64
		{247DA05E-E503-4180-9211-A040666A9980}.Release|x86.ActiveCfg = Release|Win32
		{247DA05E-E503-4180-9211-A040666A9980}.Release|x86.Build.0 = Release|Win32
		{83D3AF6B-F0EC-4488-A31E-22D735AD5E5C}.Debug|x64.ActiveCfg = Debug|x64
		{83D3AF6B-F0EC-4488-A31E-22D735AD5E5C}.Debug|x64.Build.0 = Debug|x64
		{83D3AF6B-F0EC-4488-A31E-22D735AD5E5C}.Debug|x86.ActiveCfg = Debug|Win32
		{83D3AF6B-F0EC-4488-A31E-22D735AD5E5C}.Debug|x86.Build.0 = Debug|Win32
		{83D3AF6B-F0EC-4488-A31E-22D735AD5E5C}.Release|x64.ActiveCfg = Release|x64
		{83D3AF6B-F0EC-4488-A31E-22D735AD5E5C}.Release|x64.Build.0 = Release|x64
		{83D3AF6B-F0EC-4488-A31E-22D735AD5E5C}.Release|x86.ActiveCfg = Release|Win32
		{83D3AF6B-F0EC-4488-A31E-22D735AD5E5C}.Release|x86.Build.0 = Release|Win32
	EndGlobalSection
	GlobalSection(SolutionProperties) = preSolution
		HideSolutionNode = FALSE
	EndGlobalSection
	GlobalSection(ExtensibilityGlobals) = postSolution
		SolutionGuid = {35F7A85A-838C-4E92-804E-E324C54B4F0B}
	EndGlobalSection
EndGlobal
